
Microsoft Visual Studio Solution File, Format Version 12.00
# Visual Studio Version 17
VisualStudioVersion = 17.11.35222.181
MinimumVisualStudioVersion = 10.0.40219.1
Project("{8BC9CEB8-8B4A-11D0-8D11-00A0C91BC942}") = "Project3", "Project3.vcxproj", "{E286EA5F-CDCD-4BD2-9D79-0F41767EBBC1}"
EndProject
Global
	GlobalSection(SolutionConfigurationPlatforms) = preSolution
		Debug|x64 = Debug|x64
		Debug|x86 = Debug|x86
		Release|x64 = Release|x64
		Release|x86 = Release|x86
	EndGlobalSection
	GlobalSection(ProjectConfigurationPlatforms) = postSolution
		{E286EA5F-CDCD-4BD2-9D79-0F41767EBBC1}.Debug|x64.ActiveCfg = Debug|x64
		{E286EA5F-CDCD-4BD2-9D79-0F41767EBBC1}.Debug|x64.Build.0 = Debug|x64
		{E286EA5F-CDCD-4BD2-9D79-0F41767EBBC1}.Debug|x86.ActiveCfg = Debug|Win32
		{E286EA5F-CDCD-4BD2-9D79-0F41767EBBC1}.Debug|x86.Build.0 = Debug|Win32
		{E286EA5F-CDCD-4BD2-9D79-0F41767EBBC1}.Release|x64.ActiveCfg = Release|x64
		{E286EA5F-CDCD-4BD2-9D79-0F41767EBBC1}.Release|x64.Build.0 = Release|x64
		{E286EA5F-CDCD-4BD2-9D79-0F41767EBBC1}.Release|x86.ActiveCfg = Release|Win32
		{E286EA5F-CDCD-4BD2-9D79-0F41767EBBC1}.Release|x86.Build.0 = Release|Win32
	EndGlobalSection
	GlobalSection(SolutionProperties) = preSolution
		HideSolutionNode = FALSE
	EndGlobalSection
	GlobalSection(ExtensibilityGlobals) = postSolution
		SolutionGuid = {3E42D10C-A547-4B55-B070-A8D285B9E9EE}
	EndGlobalSection
EndGlobal
